# This file is autogenerated, do not edit; changes may be undone by the next 'dep ensure'.


[[projects]]
  digest = "1:b1aa87c86a10632d143a5893a7776b6b884542124e6d45a1b6b46acdf975c3c9"
  name = "cloud.google.com/go"
  packages = ["compute/metadata"]
  pruneopts = "UT"
  revision = "993bc6d69389a81fc259e0ce6f5d01cb37bd2899"
  version = "v0.74.0"

[[projects]]
  digest = "1:76dc72490af7174349349838f2fe118996381b31ea83243812a97e5a0fd5ed55"
  name = "github.com/dgrijalva/jwt-go"
  packages = ["."]
  pruneopts = "UT"
  revision = "06ea1031745cb8b3dab3f6a236daf2b0aa468b7e"
  version = "v3.2.0"

[[projects]]
  branch = "master"
  digest = "1:b7cb6054d3dff43b38ad2e92492f220f57ae6087ee797dca298139776749ace8"
  name = "github.com/golang/groupcache"
  packages = ["lru"]
  pruneopts = "UT"
  revision = "8c9f03a8e57eb486e42badaed3fb287da51807ba"

[[projects]]
  digest = "1:0407299779172c3b067809ffbeabf552ed9e4fe03066a80b540979933cc79616"
  name = "github.com/golang/protobuf"
  packages = [
    "proto",
    "ptypes",
    "ptypes/any",
    "ptypes/duration",
    "ptypes/timestamp",
  ]
  pruneopts = "UT"
  revision = "4846b58453b3708320bdb524f25cc5a1d9cda4d4"
  version = "v1.4.3"

[[projects]]
  digest = "1:766102087520f9d54f2acc72bd6637045900ac735b4a419b128d216f0c5c4876"
  name = "github.com/googleapis/gax-go"
  packages = ["v2"]
  pruneopts = "UT"
  revision = "bd5b16380fd03dc758d11cef74ba2e3bc8b0e8c2"
  version = "v2.0.5"

[[projects]]
  digest = "1:ecd9aa82687cf31d1585d4ac61d0ba180e42e8a6182b85bd785fcca8dfeefc1b"
  name = "github.com/joho/godotenv"
  packages = ["."]
  pruneopts = "UT"
  revision = "23d116af351c84513e1946b527c88823e476be13"
  version = "v1.3.0"

[[projects]]
  digest = "1:31d6e66ab882fae8534e01407a9cd6c036a51706a04adfe6912efaaf18989d20"
  name = "github.com/klauspost/compress"
  packages = [
    "flate",
    "gzip",
    "zlib",
  ]
  pruneopts = "UT"
  revision = "156c8d0eb96e404e0870865fc7b102b1cccde45a"
  version = "v1.11.4"

[[projects]]
  digest = "1:efd601ad1d1189884f37ed075fadb5bbd17f1f5acf5862827247c6da56d125ba"
  name = "github.com/labstack/echo"
  packages = [
    ".",
    "middleware",
  ]
  pruneopts = "UT"
  revision = "38772c686c76b501f94bd6cd5b77f5842e93b559"
  version = "v3.3.10"

[[projects]]
  digest = "1:e8e65826d60fd82637fb9df06ecd651191b599f4a8f72b86362012f288778320"
  name = "github.com/labstack/gommon"
  packages = [
    "bytes",
    "color",
    "log",
    "random",
  ]
  pruneopts = "UT"
  revision = "4919956f6fb227b548f004da27c7c6b20fba499f"
  version = "v0.3.0"

[[projects]]
  digest = "1:304d25ecc3f4ca39f894c959254d3f5fc6176276ccf1f874ded0cd441e2f964f"
  name = "github.com/mattn/go-colorable"
  packages = ["."]
  pruneopts = "UT"
  revision = "2e1b0c1546e0173c0907cf05c67b8ba29ed8b4d1"
  version = "v0.1.8"

[[projects]]
  digest = "1:0c58d31abe2a2ccb429c559b6292e7df89dcda675456fecc282fa90aa08273eb"
  name = "github.com/mattn/go-isatty"
  packages = ["."]
  pruneopts = "UT"
  revision = "7b513a986450394f7bbf1476909911b3aa3a55ce"
  version = "v0.0.12"

[[projects]]
  digest = "1:1760ee71834b3d0c59ffb6e0f9444fb68aec64bd6630b99b349fb111f74022fa"
  name = "github.com/sirupsen/logrus"
  packages = ["."]
  pruneopts = "UT"
  revision = "6699a89a232f3db797f2e280639854bbc4b89725"
  version = "v1.7.0"

[[projects]]
  digest = "1:c468422f334a6b46a19448ad59aaffdfc0a36b08fdcc1c749a0b29b6453d7e59"
  name = "github.com/valyala/bytebufferpool"
  packages = ["."]
  pruneopts = "UT"
  revision = "e746df99fe4a3986f4d4f79e13c1e0117ce9c2f7"
  version = "v1.0.0"

[[projects]]
  digest = "1:15ad8a80098fcc7a194b9db6b26d74072a852e4faa957848c8118193d3c69230"
  name = "github.com/valyala/fasthttp"
  packages = [
    ".",
    "fasthttputil",
    "stackless",
  ]
  pruneopts = "UT"
  revision = "e5f51c11919d4f66400334047b897ef0a94c6f3c"
  version = "v20180529"

[[projects]]
  digest = "1:d724474523928294ece8cc97e8d2371f27c7e6d3068bfa9ace93bd3105b4fdbd"
  name = "github.com/valyala/fasttemplate"
  packages = ["."]
  pruneopts = "UT"
  revision = "2275c48ed3e40f01fa347e220be31070a89b6ad4"
  version = "v1.2.1"

[[projects]]
  branch = "master"
  digest = "1:336c5bea5b521f43d44348c6c09993c9607cd21fcd21e012aaad16e11edc41b8"
  name = "github.com/wtnbyk-a19/youtube-manager-go"
  packages = [
    "routes",
    "web/api",
  ]
  pruneopts = "UT"
  revision = "7197e5145e47c1a541ae21ccb94f12bc8aff3fc1"

[[projects]]
  digest = "1:5a8c7e0d5778c4b69fb9985bbe58b5417e05e1dcf8e670d240bbc9d439d6ec96"
  name = "go.opencensus.io"
  packages = [
    ".",
    "internal",
    "internal/tagencoding",
    "metric/metricdata",
    "metric/metricproducer",
    "plugin/ochttp",
    "plugin/ochttp/propagation/b3",
    "resource",
    "stats",
    "stats/internal",
    "stats/view",
    "tag",
    "trace",
    "trace/internal",
    "trace/propagation",
    "trace/tracestate",
  ]
  pruneopts = "UT"
  revision = "3fb168f674736c026e623310bfccb0691e6dec8a"
  version = "v0.22.5"

[[projects]]
  branch = "master"
  digest = "1:59ac4e469d5f1170f9b9873bc7c8a5ba11c2dc0ec071afba7355729793b5e107"
  name = "golang.org/x/crypto"
  packages = [
    "acme",
    "acme/autocert",
  ]
  pruneopts = "UT"
  revision = "eec23a3978adcfd26c29f4153eaa3e3d9b2cc53a"

[[projects]]
  branch = "master"
  digest = "1:b2a3d9f0cc3922bf7f52116ab745e2c2dcdb1ca887f0922388142edf5a8e0fbb"
  name = "golang.org/x/net"
  packages = [
    "context",
    "context/ctxhttp",
    "http/httpguts",
    "http2",
    "http2/hpack",
    "idna",
    "internal/timeseries",
    "trace",
  ]
  pruneopts = "UT"
  revision = "6772e930b67bb09bf22262c7378e7d2f67cf59d1"

[[projects]]
  branch = "master"
  digest = "1:17e03308f420f7ae32281d8bf626b7ff6a90dfb6efe7fc0baaeb7e519cf9cab2"
  name = "golang.org/x/oauth2"
  packages = [
    ".",
    "google",
    "internal",
    "jws",
    "jwt",
  ]
  pruneopts = "UT"
  revision = "08078c50e5b5244ec123a6b69facdbc13b21a548"

[[projects]]
  branch = "master"
  digest = "1:0a028937106ff359ab923601628a98b9efe9517aeacd491dabdb0c2099a8995c"
  name = "golang.org/x/sys"
  packages = [
    "internal/unsafeheader",
    "unix",
    "windows",
  ]
  pruneopts = "UT"
  revision = "2d18734c6014bdfc4d7fd7cfc8e0608c9684967b"

[[projects]]
  digest = "1:a45009ae1e0da0b589cd5da9f30770041573e61f2f79fb3e86aa3790d5c495c4"
  name = "golang.org/x/text"
  packages = [
    "collate",
    "collate/build",
    "internal/colltab",
    "internal/gen",
    "internal/language",
    "internal/language/compact",
    "internal/tag",
    "internal/triegen",
    "internal/ucd",
    "language",
    "secure/bidirule",
    "transform",
    "unicode/bidi",
    "unicode/cldr",
    "unicode/norm",
    "unicode/rangetable",
  ]
  pruneopts = "UT"
  revision = "22f1617af38ed4cd65b3b96e02bab267e560155c"
  version = "v0.3.4"

[[projects]]
  digest = "1:b1ada0ca725ebea5eb0fe9353e7298f8ff227d0c46dab531957efbd6ed382dbb"
  name = "google.golang.org/api"
  packages = [
    "googleapi",
    "googleapi/transport",
    "internal",
    "internal/gensupport",
    "internal/impersonate",
    "internal/third_party/uritemplates",
    "option",
    "option/internaloption",
    "transport/cert",
    "transport/http",
    "transport/http/internal/propagation",
    "transport/internal/dca",
    "youtube/v3",
  ]
  pruneopts = "UT"
  revision = "f7ce5abca6e37cc937e5fe7992ba06892fb0d7fe"
  version = "v0.36.0"

[[projects]]
  digest = "1:14c413c64fab6d835c4e31671369f68ac7f38d2087c968eb2e55d8105b6b420d"
  name = "google.golang.org/appengine"
  packages = [
    ".",
    "internal",
    "internal/app_identity",
    "internal/base",
    "internal/datastore",
    "internal/log",
    "internal/modules",
    "internal/remote_api",
    "internal/urlfetch",
    "urlfetch",
  ]
  pruneopts = "UT"
  revision = "5d1c1d03f8703c2e81478d9a30e9afa2d3e4bd8a"
  version = "v1.6.7"

[[projects]]
  branch = "master"
  digest = "1:7339759b4869e4b12e0ab4848f0f5edaa3c045b9b1cfe1d22af121605322490c"
  name = "google.golang.org/genproto"
  packages = ["googleapis/rpc/status"]
  pruneopts = "UT"
  revision = "8c77b98c765d0c8f0e0cec54ef5dd2316cf2d21c"

[[projects]]
  digest = "1:3f2a827dee58351f7f44ef630b7759b5869934cd99b97f64645536a982e9ff4c"
  name = "google.golang.org/grpc"
  packages = [
    ".",
    "attributes",
    "backoff",
    "balancer",
    "balancer/base",
    "balancer/grpclb/state",
    "balancer/roundrobin",
    "binarylog/grpc_binarylog_v1",
    "codes",
    "connectivity",
    "credentials",
    "encoding",
    "encoding/proto",
    "grpclog",
    "internal",
    "internal/backoff",
    "internal/balancerload",
    "internal/binarylog",
    "internal/buffer",
    "internal/channelz",
    "internal/credentials",
    "internal/envconfig",
    "internal/grpclog",
    "internal/grpcrand",
    "internal/grpcsync",
    "internal/grpcutil",
    "internal/resolver",
    "internal/resolver/dns",
    "internal/resolver/passthrough",
    "internal/resolver/unix",
    "internal/serviceconfig",
    "internal/status",
    "internal/syscall",
    "internal/transport",
    "internal/transport/networktype",
    "keepalive",
    "metadata",
    "peer",
    "resolver",
    "serviceconfig",
    "stats",
    "status",
    "tap",
  ]
  pruneopts = "UT"
  revision = "2cf12a82ed4381ce0b0f7d487ee2eca772ee18e3"
  version = "v1.34.0"

[[projects]]
  digest = "1:fd328c5b52e433ea3ffc891bcc4f94469a82bf478558208db2b386aad8a304a1"
  name = "google.golang.org/protobuf"
  packages = [
    "encoding/prototext",
    "encoding/protowire",
    "internal/descfmt",
    "internal/descopts",
    "internal/detrand",
    "internal/encoding/defval",
    "internal/encoding/messageset",
    "internal/encoding/tag",
    "internal/encoding/text",
    "internal/errors",
    "internal/fieldsort",
    "internal/filedesc",
    "internal/filetype",
    "internal/flags",
    "internal/genid",
    "internal/impl",
    "internal/mapsort",
    "internal/pragma",
    "internal/set",
    "internal/strs",
    "internal/version",
    "proto",
    "reflect/protoreflect",
    "reflect/protoregistry",
    "runtime/protoiface",
    "runtime/protoimpl",
    "types/known/anypb",
    "types/known/durationpb",
    "types/known/timestamppb",
  ]
  pruneopts = "UT"
  revision = "3f7a61f89bb6813f89d981d1870ed68da0b3c3f1"
  version = "v1.25.0"

[solve-meta]
  analyzer-name = "dep"
  analyzer-version = 1
  input-imports = [
    "github.com/joho/godotenv",
    "github.com/labstack/echo",
    "github.com/labstack/echo/middleware",
    "github.com/sirupsen/logrus",
    "github.com/valyala/fasthttp",
    "github.com/wtnbyk-a19/youtube-manager-go/routes",
    "github.com/wtnbyk-a19/youtube-manager-go/web/api",
    "google.golang.org/api/option",
    "google.golang.org/api/youtube/v3",
  ]
  solver-name = "gps-cdcl"
  solver-version = 1
